
Microsoft Visual Studio Solution File, Format Version 12.00
# Visual Studio Version 17
VisualStudioVersion = 17.13.35731.43 d17.13
MinimumVisualStudioVersion = 10.0.40219.1
Project("{FAE04EC0-301F-11D3-BF4B-00C04F79EFBC}") = "EJERCICIO3", "EJERCICIO3.csproj", "{C3DE8E22-352D-48B4-87C0-3442017E5303}"
EndProject
Global
	GlobalSection(SolutionConfigurationPlatforms) = preSolution
		Debug|Any CPU = Debug|Any CPU
		Release|Any CPU = Release|Any CPU
	EndGlobalSection
	GlobalSection(ProjectConfigurationPlatforms) = postSolution
		{C3DE8E22-352D-48B4-87C0-3442017E5303}.Debug|Any CPU.ActiveCfg = Debug|Any CPU
		{C3DE8E22-352D-48B4-87C0-3442017E5303}.Debug|Any CPU.Build.0 = Debug|Any CPU
		{C3DE8E22-352D-48B4-87C0-3442017E5303}.Release|Any CPU.ActiveCfg = Release|Any CPU
		{C3DE8E22-352D-48B4-87C0-3442017E5303}.Release|Any CPU.Build.0 = Release|Any CPU
	EndGlobalSection
	GlobalSection(SolutionProperties) = preSolution
		HideSolutionNode = FALSE
	EndGlobalSection
	GlobalSection(ExtensibilityGlobals) = postSolution
		SolutionGuid = {E25EC299-0125-49AE-8F00-AC62BABAEEB1}
	EndGlobalSection
EndGlobal
